
Microsoft Visual Studio Solution File, Format Version 12.00
# Visual Studio Version 17
VisualStudioVersion = 17.7.34202.233
MinimumVisualStudioVersion = 10.0.40219.1
Project("{9A19103F-16F7-4668-BE54-9A1E7A4F7556}") = "GoogleCalendarAPI", "GoogleCalendarAPI.csproj", "{577B26BC-905E-46CF-8CDD-30D1926D0875}"
EndProject
Global
	GlobalSection(SolutionConfigurationPlatforms) = preSolution
		Debug|Any CPU = Debug|Any CPU
		Release|Any CPU = Release|Any CPU
	EndGlobalSection
	GlobalSection(ProjectConfigurationPlatforms) = postSolution
		{577B26BC-905E-46CF-8CDD-30D1926D0875}.Debug|Any CPU.ActiveCfg = Debug|Any CPU
		{577B26BC-905E-46CF-8CDD-30D1926D0875}.Debug|Any CPU.Build.0 = Debug|Any CPU
		{577B26BC-905E-46CF-8CDD-30D1926D0875}.Release|Any CPU.ActiveCfg = Release|Any CPU
		{577B26BC-905E-46CF-8CDD-30D1926D0875}.Release|Any CPU.Build.0 = Release|Any CPU
	EndGlobalSection
	GlobalSection(SolutionProperties) = preSolution
		HideSolutionNode = FALSE
	EndGlobalSection
	GlobalSection(ExtensibilityGlobals) = postSolution
		SolutionGuid = {6D6CE30D-0F2B-44ED-82DF-533E5BCB842E}
	EndGlobalSection
EndGlobal
